github.com/andybalholm/brotli v1.0.4 h1:V7DdXeJtZscaqfNuAdSRuRFzuiKlHSC/Zh3zl9qY3JY=
github.com/andybalholm/brotli v1.0.4/go.mod h1:fO7iG3H7G2nSZ7m0zPUDn85XEX2GTukHGRSepvi9Eig=
github.com/bogdanfinn/fhttp v0.5.9 h1:J2VXWQP09ljqAk8Z0z0CMRelgOmYwcThOcLMzF5FbHU=
github.com/bogdanfinn/fhttp v0.5.9/go.mod h1:sG3i2OwhEgSMgmQ6CBZcvGpf47WyP7WRaoiQQB7Qx7U=
github.com/bogdanfinn/tls-client v0.9.0 h1:6qFuNrUr/7Um6v8UPuUh/G1WUos9mLpG+2SyyiCbo4c=
github.com/bogdanfinn/tls-client v0.9.0/go.mod h1:z4cUTyla6OXYaiGAtT49xFSAgznd9Yhb+nhwh1MNX/g=
github.com/bogdanfinn/utls v1.5.9 h1:pRyzdVdVieYg5HuVWDMn7K/moSjh14TbCXCntMvGcYI=
github.com/bogdanfinn/utls v1.5.9/go.mod h1:mHeRCi69cUiEyVBkKONB1cAbLjRcZnlJbGzttmiuK4o=
github.com/fatih/color v1.13.0 h1:8LOYc1KYPPmyKMuN8QV2DNRWNbLo6LZ0iLs8+mlH53w=
github.com/fatih/color v1.13.0/go.mod h1:kLAiJbzzSOZDVNGyDpeOxJ47H46qBXwg5ILebYFFOfk=
github.com/klauspost/compress v1.15.12 h1:YClS/PImqYbn+UILDnqxQCZ3RehC9N318SU3kElDUEM=
github.com/klauspost/compress v1.15.12/go.mod h1:QPwzmACJjUTFsnSHH934V6woptycfrDDJnH7hvFVbGM=
github.com/mattn/go-colorable v0.1.9 h1:sqDoxXbdeALODt0DAeJCVp38ps9ZogZEAXjus69YV3U=
github.com/mattn/go-colorable v0.1.9/go.mod h1:u6P/XSegPjTcexA+o6vUJrdnUu04hMope9wVRipJSqc=
github.com/mattn/go-isatty v0.0.12/go.mod h1:cbi8OIDigv2wuxKPP5vlRcQ1OAZbq2CE4Kysco4FUpU=
github.com/mattn/go-isatty v0.0.14 h1:yVuAays6BHfxijgZPzw+3Zlu5yQgKGP2/hcQbHb7S9Y=
github.com/mattn/go-isatty v0.0.14/go.mod h1:7GGIvUiUoEMVVmxf/4nioHXj79iQHKdU27kJ6hsGG94=
golang.org/x/crypto v0.1.0 h1:MDRAIl0xIo9Io2xV565hzXHw3zVseKrJKodhohM5CjU=
golang.org/x/crypto v0.1.0/go.mod h1:RecgLatLF4+eUMCP1PoPZQb+cVrJcOPbHkTkbkB9sbw=
golang.org/x/net v0.1.0 h1:hZ/3BUoy5aId7sCpA/Tc5lt8DkFgdVS2onTpJsZ/fl0=
golang.org/x/net v0.1.0/go.mod h1:Cx3nUiGt4eDBEyega/BKRp+/AlGL8hYe7U9odMt2Cco=
golang.org/x/sys v0.0.0-20200116001909-b77594299b42/go.mod h1:h1NjWce9XRLGQEsW7wpKNCjG9DtNlClVuFLEZdDNbEs=
golang.org/x/sys v0.0.0-20200223170610-d5e6a3e2c0ae/go.mod h1:h1NjWce9XRLGQEsW7wpKNCjG9DtNlClVuFLEZdDNbEs=
golang.org/x/sys v0.0.0-20210630005230-0f9fa26af87c/go.mod h1:oPkhp1MJrh7nUepCBck5+mAzfO9JrbApNNgaTdGDITg=
golang.org/x/sys v0.1.0 h1:kunALQeHf1/185U1i0GOB/fy1IPRDDpuoOOqRReG57U=
golang.org/x/sys v0.1.0/go.mod h1:oPkhp1MJrh7nUepCBck5+mAzfO9JrbApNNgaTdGDITg=
golang.org/x/text v0.4.0 h1:BrVqGRd7+k1DiOgtnFvAkoQEWQvBc25ouMJM6429SFg=
golang.org/x/text v0.4.0/go.mod h1:mrYo+phRRbMaCq/xk9113O4dZlRixOauAjOtrjsXDZ8=
